// !$*UTF8*$!
{
	archiveVersion = 1;
	classes = {
	};
	objectVersion = 46;
	objects = {

/* Begin PBXBuildFile section */
		CC5A1B531D5D9F3900209863 /* AppDelegate.m in Sources */ = {isa = PBXBuildFile; fileRef = CC5A1B521D5D9F3900209863 /* AppDelegate.m */; };
		CC5A1B561D5D9F3900209863 /* main.m in Sources */ = {isa = PBXBuildFile; fileRef = CC5A1B551D5D9F3900209863 /* main.m */; };
		CC5A1B581D5D9F3900209863 /* Assets.xcassets in Resources */ = {isa = PBXBuildFile; fileRef = CC5A1B571D5D9F3900209863 /* Assets.xcassets */; };
		CC5A1B5B1D5D9F3900209863 /* MainMenu.xib in Resources */ = {isa = PBXBuildFile; fileRef = CC5A1B591D5D9F3900209863 /* MainMenu.xib */; };
		CC5A1B661D5D9F3900209863 /* WlanSnifferTests.m in Sources */ = {isa = PBXBuildFile; fileRef = CC5A1B651D5D9F3900209863 /* WlanSnifferTests.m */; };
		CC5A1B711D5D9F3900209863 /* WlanSnifferUITests.m in Sources */ = {isa = PBXBuildFile; fileRef = CC5A1B701D5D9F3900209863 /* WlanSnifferUITests.m */; };
		CC5A1B801D5DA10700209863 /* APListView.m in Sources */ = {isa = PBXBuildFile; fileRef = CC5A1B7F1D5DA10700209863 /* APListView.m */; };
/* End PBXBuildFile section */

/* Begin PBXContainerItemProxy section */
		CC5A1B621D5D9F3900209863 /* PBXContainerItemProxy */ = {
			isa = PBXContainerItemProxy;
			containerPortal = CC5A1B461D5D9F3900209863 /* Project object */;
			proxyType = 1;
			remoteGlobalIDString = CC5A1B4D1D5D9F3900209863;
			remoteInfo = WlanSniffer;
		};
		CC5A1B6D1D5D9F3900209863 /* PBXContainerItemProxy */ = {
			isa = PBXContainerItemProxy;
			containerPortal = CC5A1B461D5D9F3900209863 /* Project object */;
			proxyType = 1;
			remoteGlobalIDString = CC5A1B4D1D5D9F3900209863;
			remoteInfo = WlanSniffer;
		};
/* End PBXContainerItemProxy section */

/* Begin PBXFileReference section */
		CC5A1B4E1D5D9F3900209863 /* WlanSniffer.app */ = {isa = PBXFileReference; explicitFileType = wrapper.application; includeInIndex = 0; path = WlanSniffer.app; sourceTree = BUILT_PRODUCTS_DIR; };
		CC5A1B511D5D9F3900209863 /* AppDelegate.h */ = {isa = PBXFileReference; lastKnownFileType = sourcecode.c.h; path = AppDelegate.h; sourceTree = "<group>"; };
		CC5A1B521D5D9F3900209863 /* AppDelegate.m */ = {isa = PBXFileReference; lastKnownFileType = sourcecode.c.objc; path = AppDelegate.m; sourceTree = "<group>"; };
		CC5A1B551D5D9F3900209863 /* main.m */ = {isa = PBXFileReference; lastKnownFileType = sourcecode.c.objc; path = main.m; sourceTree = "<group>"; };
		CC5A1B571D5D9F3900209863 /* Assets.xcassets */ = {isa = PBXFileReference; lastKnownFileType = folder.assetcatalog; path = Assets.xcassets; sourceTree = "<group>"; };
		CC5A1B5A1D5D9F3900209863 /* Base */ = {isa = PBXFileReference; lastKnownFileType = file.xib; name = Base; path = Base.lproj/MainMenu.xib; sourceTree = "<group>"; };
		CC5A1B5C1D5D9F3900209863 /* Info.plist */ = {isa = PBXFileReference; lastKnownFileType = text.plist.xml; path = Info.plist; sourceTree = "<group>"; };
		CC5A1B611D5D9F3900209863 /* WlanSnifferTests.xctest */ = {isa = PBXFileReference; explicitFileType = wrapper.cfbundle; includeInIndex = 0; path = WlanSnifferTests.xctest; sourceTree = BUILT_PRODUCTS_DIR; };
		CC5A1B651D5D9F3900209863 /* WlanSnifferTests.m */ = {isa = PBXFileReference; lastKnownFileType = sourcecode.c.objc; path = WlanSnifferTests.m; sourceTree = "<group>"; };
		CC5A1B671D5D9F3900209863 /* Info.plist */ = {isa = PBXFileReference; lastKnownFileType = text.plist.xml; path = Info.plist; sourceTree = "<group>"; };
		CC5A1B6C1D5D9F3900209863 /* WlanSnifferUITests.xctest */ = {isa = PBXFileReference; explicitFileType = wrapper.cfbundle; includeInIndex = 0; path = WlanSnifferUITests.xctest; sourceTree = BUILT_PRODUCTS_DIR; };
		CC5A1B701D5D9F3900209863 /* WlanSnifferUITests.m */ = {isa = PBXFileReference; lastKnownFileType = sourcecode.c.objc; path = WlanSnifferUITests.m; sourceTree = "<group>"; };
		CC5A1B721D5D9F3900209863 /* Info.plist */ = {isa = PBXFileReference; lastKnownFileType = text.plist.xml; path = Info.plist; sourceTree = "<group>"; };
		CC5A1B7E1D5DA10700209863 /* APListView.h */ = {isa = PBXFileReference; fileEncoding = 4; lastKnownFileType = sourcecode.c.h; path = APListView.h; sourceTree = "<group>"; };
		CC5A1B7F1D5DA10700209863 /* APListView.m */ = {isa = PBXFileReference; fileEncoding = 4; lastKnownFileType = sourcecode.c.objc; path = APListView.m; sourceTree = "<group>"; };
/* End PBXFileReference section */

/* Begin PBXFrameworksBuildPhase section */
		CC5A1B4B1D5D9F3900209863 /* Frameworks */ = {
			isa = PBXFrameworksBuildPhase;
			buildActionMask = 2147483647;
			files = (
			);
			runOnlyForDeploymentPostprocessing = 0;
		};
		CC5A1B5E1D5D9F3900209863 /* Frameworks */ = {
			isa = PBXFrameworksBuildPhase;
			buildActionMask = 2147483647;
			files = (
			);
			runOnlyForDeploymentPostprocessing = 0;
		};
		CC5A1B691D5D9F3900209863 /* Frameworks */ = {
			isa = PBXFrameworksBuildPhase;
			buildActionMask = 2147483647;
			files = (
			);
			runOnlyForDeploymentPostprocessing = 0;
		};
/* End PBXFrameworksBuildPhase section */

/* Begin PBXGroup section */
		CC5A1B451D5D9F3900209863 = {
			isa = PBXGroup;
			children = (
				CC5A1B501D5D9F3900209863 /* WlanSniffer */,
				CC5A1B641D5D9F3900209863 /* WlanSnifferTests */,
				CC5A1B6F1D5D9F3900209863 /* WlanSnifferUITests */,
				CC5A1B4F1D5D9F3900209863 /* Products */,
			);
			sourceTree = "<group>";
		};
		CC5A1B4F1D5D9F3900209863 /* Products */ = {
			isa = PBXGroup;
			children = (
				CC5A1B4E1D5D9F3900209863 /* WlanSniffer.app */,
				CC5A1B611D5D9F3900209863 /* WlanSnifferTests.xctest */,
				CC5A1B6C1D5D9F3900209863 /* WlanSnifferUITests.xctest */,
			);
			name = Products;
			sourceTree = "<group>";
		};
		CC5A1B501D5D9F3900209863 /* WlanSniffer */ = {
			isa = PBXGroup;
			children = (
				CC5A1B7E1D5DA10700209863 /* APListView.h */,
				CC5A1B7F1D5DA10700209863 /* APListView.m */,
				CC5A1B511D5D9F3900209863 /* AppDelegate.h */,
				CC5A1B521D5D9F3900209863 /* AppDelegate.m */,
				CC5A1B571D5D9F3900209863 /* Assets.xcassets */,
				CC5A1B591D5D9F3900209863 /* MainMenu.xib */,
				CC5A1B5C1D5D9F3900209863 /* Info.plist */,
				CC5A1B541D5D9F3900209863 /* Supporting Files */,
			);
			path = WlanSniffer;
			sourceTree = "<group>";
		};
		CC5A1B541D5D9F3900209863 /* Supporting Files */ = {
			isa = PBXGroup;
			children = (
				CC5A1B551D5D9F3900209863 /* main.m */,
			);
			name = "Supporting Files";
			sourceTree = "<group>";
		};
		CC5A1B641D5D9F3900209863 /* WlanSnifferTests */ = {
			isa = PBXGroup;
			children = (
				CC5A1B651D5D9F3900209863 /* WlanSnifferTests.m */,
				CC5A1B671D5D9F3900209863 /* Info.plist */,
			);
			path = WlanSnifferTests;
			sourceTree = "<group>";
		};
		CC5A1B6F1D5D9F3900209863 /* WlanSnifferUITests */ = {
			isa = PBXGroup;
			children = (
				CC5A1B701D5D9F3900209863 /* WlanSnifferUITests.m */,
				CC5A1B721D5D9F3900209863 /* Info.plist */,
			);
			path = WlanSnifferUITests;
			sourceTree = "<group>";
		};
/* End PBXGroup section */

/* Begin PBXNativeTarget section */
		CC5A1B4D1D5D9F3900209863 /* WlanSniffer */ = {
			isa = PBXNativeTarget;
			buildConfigurationList = CC5A1B751D5D9F3900209863 /* Build configuration list for PBXNativeTarget "WlanSniffer" */;
			buildPhases = (
				CC5A1B4A1D5D9F3900209863 /* Sources */,
				CC5A1B4B1D5D9F3900209863 /* Frameworks */,
				CC5A1B4C1D5D9F3900209863 /* Resources */,
			);
			buildRules = (
			);
			dependencies = (
			);
			name = WlanSniffer;
			productName = WlanSniffer;
			productReference = CC5A1B4E1D5D9F3900209863 /* WlanSniffer.app */;
			productType = "com.apple.product-type.application";
		};
		CC5A1B601D5D9F3900209863 /* WlanSnifferTests */ = {
			isa = PBXNativeTarget;
			buildConfigurationList = CC5A1B781D5D9F3900209863 /* Build configuration list for PBXNativeTarget "WlanSnifferTests" */;
			buildPhases = (
				CC5A1B5D1D5D9F3900209863 /* Sources */,
				CC5A1B5E1D5D9F3900209863 /* Frameworks */,
				CC5A1B5F1D5D9F3900209863 /* Resources */,
			);
			buildRules = (
			);
			dependencies = (
				CC5A1B631D5D9F3900209863 /* PBXTargetDependency */,
			);
			name = WlanSnifferTests;
			productName = WlanSnifferTests;
			productReference = CC5A1B611D5D9F3900209863 /* WlanSnifferTests.xctest */;
			productType = "com.apple.product-type.bundle.unit-test";
		};
		CC5A1B6B1D5D9F3900209863 /* WlanSnifferUITests */ = {
			isa = PBXNativeTarget;
			buildConfigurationList = CC5A1B7B1D5D9F3900209863 /* Build configuration list for PBXNativeTarget "WlanSnifferUITests" */;
			buildPhases = (
				CC5A1B681D5D9F3900209863 /* Sources */,
				CC5A1B691D5D9F3900209863 /* Frameworks */,
				CC5A1B6A1D5D9F3900209863 /* Resources */,
			);
			buildRules = (
			);
			dependencies = (
				CC5A1B6E1D5D9F3900209863 /* PBXTargetDependency */,
			);
			name = WlanSnifferUITests;
			productName = WlanSnifferUITests;
			productReference = CC5A1B6C1D5D9F3900209863 /* WlanSnifferUITests.xctest */;
			productType = "com.apple.product-type.bundle.ui-testing";
		};
/* End PBXNativeTarget section */

/* Begin PBXProject section */
		CC5A1B461D5D9F3900209863 /* Project object */ = {
			isa = PBXProject;
			attributes = {
				LastUpgradeCheck = 0730;
				ORGANIZATIONNAME = me.rungame.sbxfc;
				TargetAttributes = {
					CC5A1B4D1D5D9F3900209863 = {
						CreatedOnToolsVersion = 7.3.1;
					};
					CC5A1B601D5D9F3900209863 = {
						CreatedOnToolsVersion = 7.3.1;
						TestTargetID = CC5A1B4D1D5D9F3900209863;
					};
					CC5A1B6B1D5D9F3900209863 = {
						CreatedOnToolsVersion = 7.3.1;
						TestTargetID = CC5A1B4D1D5D9F3900209863;
					};
				};
			};
			buildConfigurationList = CC5A1B491D5D9F3900209863 /* Build configuration list for PBXProject "WlanSniffer" */;
			compatibilityVersion = "Xcode 3.2";
			developmentRegion = English;
			hasScannedForEncodings = 0;
			knownRegions = (
				en,
				Base,
			);
			mainGroup = CC5A1B451D5D9F3900209863;
			productRefGroup = CC5A1B4F1D5D9F3900209863 /* Products */;
			projectDirPath = "";
			projectRoot = "";
			targets = (
				CC5A1B4D1D5D9F3900209863 /* WlanSniffer */,
				CC5A1B601D5D9F3900209863 /* WlanSnifferTests */,
				CC5A1B6B1D5D9F3900209863 /* WlanSnifferUITests */,
			);
		};
/* End PBXProject section */

/* Begin PBXResourcesBuildPhase section */
		CC5A1B4C1D5D9F3900209863 /* Resources */ = {
			isa = PBXResourcesBuildPhase;
			buildActionMask = 2147483647;
			files = (
				CC5A1B581D5D9F3900209863 /* Assets.xcassets in Resources */,
				CC5A1B5B1D5D9F3900209863 /* MainMenu.xib in Resources */,
			);
			runOnlyForDeploymentPostprocessing = 0;
		};
		CC5A1B5F1D5D9F3900209863 /* Resources */ = {
			isa = PBXResourcesBuildPhase;
			buildActionMask = 2147483647;
			files = (
			);
			runOnlyForDeploymentPostprocessing = 0;
		};
		CC5A1B6A1D5D9F3900209863 /* Resources */ = {
			isa = PBXResourcesBuildPhase;
			buildActionMask = 2147483647;
			files = (
			);
			runOnlyForDeploymentPostprocessing = 0;
		};
/* End PBXResourcesBuildPhase section */

/* Begin PBXSourcesBuildPhase section */
		CC5A1B4A1D5D9F3900209863 /* Sources */ = {
			isa = PBXSourcesBuildPhase;
			buildActionMask = 2147483647;
			files = (
				CC5A1B561D5D9F3900209863 /* main.m in Sources */,
				CC5A1B531D5D9F3900209863 /* AppDelegate.m in Sources */,
				CC5A1B801D5DA10700209863 /* APListView.m in Sources */,
			);
			runOnlyForDeploymentPostprocessing = 0;
		};
		CC5A1B5D1D5D9F3900209863 /* Sources */ = {
			isa = PBXSourcesBuildPhase;
			buildActionMask = 2147483647;
			files = (
				CC5A1B661D5D9F3900209863 /* WlanSnifferTests.m in Sources */,
			);
			runOnlyForDeploymentPostprocessing = 0;
		};
		CC5A1B681D5D9F3900209863 /* Sources */ = {
			isa = PBXSourcesBuildPhase;
			buildActionMask = 2147483647;
			files = (
				CC5A1B711D5D9F3900209863 /* WlanSnifferUITests.m in Sources */,
			);
			runOnlyForDeploymentPostprocessing = 0;
		};
/* End PBXSourcesBuildPhase section */

/* Begin PBXTargetDependency section */
		CC5A1B631D5D9F3900209863 /* PBXTargetDependency */ = {
			isa = PBXTargetDependency;
			target = CC5A1B4D1D5D9F3900209863 /* WlanSniffer */;
			targetProxy = CC5A1B621D5D9F3900209863 /* PBXContainerItemProxy */;
		};
		CC5A1B6E1D5D9F3900209863 /* PBXTargetDependency */ = {
			isa = PBXTargetDependency;
			target = CC5A1B4D1D5D9F3900209863 /* WlanSniffer */;
			targetProxy = CC5A1B6D1D5D9F3900209863 /* PBXContainerItemProxy */;
		};
/* End PBXTargetDependency section */

/* Begin PBXVariantGroup section */
		CC5A1B591D5D9F3900209863 /* MainMenu.xib */ = {
			isa = PBXVariantGroup;
			children = (
				CC5A1B5A1D5D9F3900209863 /* Base */,
			);
			name = MainMenu.xib;
			sourceTree = "<group>";
		};
/* End PBXVariantGroup section */

/* Begin XCBuildConfiguration section */
		CC5A1B731D5D9F3900209863 /* Debug */ = {
			isa = XCBuildConfiguration;
			buildSettings = {
				ALWAYS_SEARCH_USER_PATHS = NO;
				CLANG_ANALYZER_NONNULL = YES;
				CLANG_CXX_LANGUAGE_STANDARD = "gnu++0x";
				CLANG_CXX_LIBRARY = "libc++";
				CLANG_ENABLE_MODULES = YES;
				CLANG_ENABLE_OBJC_ARC = YES;
				CLANG_WARN_BOOL_CONVERSION = YES;
				CLANG_WARN_CONSTANT_CONVERSION = YES;
				CLANG_WARN_DIRECT_OBJC_ISA_USAGE = YES_ERROR;
				CLANG_WARN_EMPTY_BODY = YES;
				CLANG_WARN_ENUM_CONVERSION = YES;
				CLANG_WARN_INT_CONVERSION = YES;
				CLANG_WARN_OBJC_ROOT_CLASS = YES_ERROR;
				CLANG_WARN_UNREACHABLE_CODE = YES;
				CLANG_WARN__DUPLICATE_METHOD_MATCH = YES;
				CODE_SIGN_IDENTITY = "-";
				COPY_PHASE_STRIP = NO;
				DEBUG_INFORMATION_FORMAT = dwarf;
				ENABLE_STRICT_OBJC_MSGSEND = YES;
				ENABLE_TESTABILITY = YES;
				GCC_C_LANGUAGE_STANDARD = gnu99;
				GCC_DYNAMIC_NO_PIC = NO;
				GCC_NO_COMMON_BLOCKS = YES;
				GCC_OPTIMIZATION_LEVEL = 0;
				GCC_PREPROCESSOR_DEFINITIONS = (
					"DEBUG=1",
					"$(inherited)",
				);
				GCC_WARN_64_TO_32_BIT_CONVERSION = YES;
				GCC_WARN_ABOUT_RETURN_TYPE = YES_ERROR;
				GCC_WARN_UNDECLARED_SELECTOR = YES;
				GCC_WARN_UNINITIALIZED_AUTOS = YES_AGGRESSIVE;
				GCC_WARN_UNUSED_FUNCTION = YES;
				GCC_WARN_UNUSED_VARIABLE = YES;
				MACOSX_DEPLOYMENT_TARGET = 10.11;
				MTL_ENABLE_DEBUG_INFO = YES;
				ONLY_ACTIVE_ARCH = YES;
				SDKROOT = macosx;
			};
			name = Debug;
		};
		CC5A1B741D5D9F3900209863 /* Release */ = {
			isa = XCBuildConfiguration;
			buildSettings = {
				ALWAYS_SEARCH_USER_PATHS = NO;
				CLANG_ANALYZER_NONNULL = YES;
				CLANG_CXX_LANGUAGE_STANDARD = "gnu++0x";
				CLANG_CXX_LIBRARY = "libc++";
				CLANG_ENABLE_MODULES = YES;
				CLANG_ENABLE_OBJC_ARC = YES;
				CLANG_WARN_BOOL_CONVERSION = YES;
				CLANG_WARN_CONSTANT_CONVERSION = YES;
				CLANG_WARN_DIRECT_OBJC_ISA_USAGE = YES_ERROR;
				CLANG_WARN_EMPTY_BODY = YES;
				CLANG_WARN_ENUM_CONVERSION = YES;
				CLANG_WARN_INT_CONVERSION = YES;
				CLANG_WARN_OBJC_ROOT_CLASS = YES_ERROR;
				CLANG_WARN_UNREACHABLE_CODE = YES;
				CLANG_WARN__DUPLICATE_METHOD_MATCH = YES;
				CODE_SIGN_IDENTITY = "-";
				COPY_PHASE_STRIP = NO;
				DEBUG_INFORMATION_FORMAT = "dwarf-with-dsym";
				ENABLE_NS_ASSERTIONS = NO;
				ENABLE_STRICT_OBJC_MSGSEND = YES;
				GCC_C_LANGUAGE_STANDARD = gnu99;
				GCC_NO_COMMON_BLOCKS = YES;
				GCC_WARN_64_TO_32_BIT_CONVERSION = YES;
				GCC_WARN_ABOUT_RETURN_TYPE = YES_ERROR;
				GCC_WARN_UNDECLARED_SELECTOR = YES;
				GCC_WARN_UNINITIALIZED_AUTOS = YES_AGGRESSIVE;
				GCC_WARN_UNUSED_FUNCTION = YES;
				GCC_WARN_UNUSED_VARIABLE = YES;
				MACOSX_DEPLOYMENT_TARGET = 10.11;
				MTL_ENABLE_DEBUG_INFO = NO;
				SDKROOT = macosx;
			};
			name = Release;
		};
		CC5A1B761D5D9F3900209863 /* Debug */ = {
			isa = XCBuildConfiguration;
			buildSettings = {
				ASSETCATALOG_COMPILER_APPICON_NAME = AppIcon;
				COMBINE_HIDPI_IMAGES = YES;
				INFOPLIST_FILE = WlanSniffer/Info.plist;
				LD_RUNPATH_SEARCH_PATHS = "$(inherited) @executable_path/../Frameworks";
				PRODUCT_BUNDLE_IDENTIFIER = me.rungame.sbxfc.WlanSniffer;
				PRODUCT_NAME = "$(TARGET_NAME)";
			};
			name = Debug;
		};
		CC5A1B771D5D9F3900209863 /* Release */ = {
			isa = XCBuildConfiguration;
			buildSettings = {
				ASSETCATALOG_COMPILER_APPICON_NAME = AppIcon;
				COMBINE_HIDPI_IMAGES = YES;
				INFOPLIST_FILE = WlanSniffer/Info.plist;
				LD_RUNPATH_SEARCH_PATHS = "$(inherited) @executable_path/../Frameworks";
				PRODUCT_BUNDLE_IDENTIFIER = me.rungame.sbxfc.WlanSniffer;
				PRODUCT_NAME = "$(TARGET_NAME)";
			};
			name = Release;
		};
		CC5A1B791D5D9F3900209863 /* Debug */ = {
			isa = XCBuildConfiguration;
			buildSettings = {
				BUNDLE_LOADER = "$(TEST_HOST)";
				COMBINE_HIDPI_IMAGES = YES;
				INFOPLIST_FILE = WlanSnifferTests/Info.plist;
				LD_RUNPATH_SEARCH_PATHS = "$(inherited) @executable_path/../Frameworks @loader_path/../Frameworks";
				PRODUCT_BUNDLE_IDENTIFIER = me.rungame.sbxfc.WlanSnifferTests;
				PRODUCT_NAME = "$(TARGET_NAME)";
				TEST_HOST = "$(BUILT_PRODUCTS_DIR)/WlanSniffer.app/Contents/MacOS/WlanSniffer";
			};
			name = Debug;
		};
		CC5A1B7A1D5D9F3900209863 /* Release */ = {
			isa = XCBuildConfiguration;
			buildSettings = {
				BUNDLE_LOADER = "$(TEST_HOST)";
				COMBINE_HIDPI_IMAGES = YES;
				INFOPLIST_FILE = WlanSnifferTests/Info.plist;
				LD_RUNPATH_SEARCH_PATHS = "$(inherited) @executable_path/../Frameworks @loader_path/../Frameworks";
				PRODUCT_BUNDLE_IDENTIFIER = me.rungame.sbxfc.WlanSnifferTests;
				PRODUCT_NAME = "$(TARGET_NAME)";
				TEST_HOST = "$(BUILT_PRODUCTS_DIR)/WlanSniffer.app/Contents/MacOS/WlanSniffer";
			};
			name = Release;
		};
		CC5A1B7C1D5D9F3900209863 /* Debug */ = {
			isa = XCBuildConfiguration;
			buildSettings = {
				COMBINE_HIDPI_IMAGES = YES;
				INFOPLIST_FILE = WlanSnifferUITests/Info.plist;
				LD_RUNPATH_SEARCH_PATHS = "$(inherited) @executable_path/../Frameworks @loader_path/../Frameworks";
				PRODUCT_BUNDLE_IDENTIFIER = me.rungame.sbxfc.WlanSnifferUITests;
				PRODUCT_NAME = "$(TARGET_NAME)";
				TEST_TARGET_NAME = WlanSniffer;
			};
			name = Debug;
		};
		CC5A1B7D1D5D9F3900209863 /* Release */ = {
			isa = XCBuildConfiguration;
			buildSettings = {
				COMBINE_HIDPI_IMAGES = YES;
				INFOPLIST_FILE = WlanSnifferUITests/Info.plist;
				LD_RUNPATH_SEARCH_PATHS = "$(inherited) @executable_path/../Frameworks @loader_path/../Frameworks";
				PRODUCT_BUNDLE_IDENTIFIER = me.rungame.sbxfc.WlanSnifferUITests;
				PRODUCT_NAME = "$(TARGET_NAME)";
				TEST_TARGET_NAME = WlanSniffer;
			};
			name = Release;
		};
/* End XCBuildConfiguration section */

/* Begin XCConfigurationList section */
		CC5A1B491D5D9F3900209863 /* Build configuration list for PBXProject "WlanSniffer" */ = {
			isa = XCConfigurationList;
			buildConfigurations = (
				CC5A1B731D5D9F3900209863 /* Debug */,
				CC5A1B741D5D9F3900209863 /* Release */,
			);
			defaultConfigurationIsVisible = 0;
			defaultConfigurationName = Release;
		};
		CC5A1B751D5D9F3900209863 /* Build configuration list for PBXNativeTarget "WlanSniffer" */ = {
			isa = XCConfigurationList;
			buildConfigurations = (
				CC5A1B761D5D9F3900209863 /* Debug */,
				CC5A1B771D5D9F3900209863 /* Release */,
			);
			defaultConfigurationIsVisible = 0;
		};
		CC5A1B781D5D9F3900209863 /* Build configuration list for PBXNativeTarget "WlanSnifferTests" */ = {
			isa = XCConfigurationList;
			buildConfigurations = (
				CC5A1B791D5D9F3900209863 /* Debug */,
				CC5A1B7A1D5D9F3900209863 /* Release */,
			);
			defaultConfigurationIsVisible = 0;
		};
		CC5A1B7B1D5D9F3900209863 /* Build configuration list for PBXNativeTarget "WlanSnifferUITests" */ = {
			isa = XCConfigurationList;
			buildConfigurations = (
				CC5A1B7C1D5D9F3900209863 /* Debug */,
				CC5A1B7D1D5D9F3900209863 /* Release */,
			);
			defaultConfigurationIsVisible = 0;
		};
/* End XCConfigurationList section */
	};
	rootObject = CC5A1B461D5D9F3900209863 /* Project object */;
}
